version = 1
revision = 3
requires-python = ">=3.14"

[[package]]
name = "rumdl"
version = "0.2.76"
source = { registry = "https://pypi.org/simple" }
sdist = { url = "https://files.pythonhosted.org/packages/75/75/e68c6ca5cc014e8efbc8ad56d7331affb0c9444e865c9035f0a0347a43b9/rumdl-0.2.76.tar.gz", hash = "sha256:34110a6cdd3ea1b8bc6388880caa062dc696d803ea6c3bf082d76df632c281de", size = 4870970, upload-time = "2026-09-23T01:24:12.485Z" }
wheels = [
    { url = "https://files.pythonhosted.org/packages/2f/3e/aac90da704e35db9a6cb672ec64656b0b6ae08ff33bc4e4e43561f21eba6/rumdl-0.2.76-py3-none-macosx_10_12_x86_64.whl", hash = "sha256:0a91f5870e877d0fee4f476c1899c2ba9ecd53017e4a5377b239deb6376ddeb6", size = 7422693, upload-time = "2026-09-23T08:25:13.057Z" },
    { url = "https://files.pythonhosted.org/packages/fe/b7/bf5d9534c1b918d22a4426af0247dc8c73e001bd635c0bbb623ee97a1e77/rumdl-0.2.76-py3-none-macosx_11_0_arm64.whl", hash = "sha256:036d9c3dfeb075a119d6e8855f66dd9432a7a9352f32f71008480aa1af21e4ea", size = 6995958, upload-time = "2026-09-23T08:25:07.425Z" },
    { url = "https://files.pythonhosted.org/packages/dc/c4/87a92ec9ecbb703800d8f42e61abb8fae8e76601c64f50a1f598683be935/rumdl-0.2.76-py3-none-manylinux_2_28_aarch64.whl", hash = "sha256:4f123c4bd48f6a96826be35f5fa7773a3b22d01cf0420af42b444a1607d1a42a", size = 7161527, upload-time = "2026-09-23T08:25:09.35Z" },
    { url = "https://files.pythonhosted.org/packages/bb/40/293f59a6149112a9e602f221a678d44ff726c2b4afb55658751c820f687d/rumdl-0.2.76-py3-none-manylinux_2_28_x86_64.whl", hash = "sha256:ab6fa0e30b1e10f37d4bb877cbf0a9e2fd714a82f3890d3c972f6f7f166272c1", size = 7643390, upload-time = "2026-09-23T08:25:16.724Z" },
    { url = "https://files.pythonhosted.org/packages/ca/cf/cdd916a1b9e1935cb6d2433cc0171ec83b7ca086678e44d465c1a17a04b2/rumdl-0.2.76-py3-none-musllinux_1_2_aarch64.whl", hash = "sha256:a552471504892705eb7b9b6c9da77617a2e3b39108aa9a8144319945082188e7", size = 7132321, upload-time = "2026-09-23T08:25:11.141Z" },
    { url = "https://files.pythonhosted.org/packages/44/9e/1fd8ef693c106596831d5c18bc5643be214ad0f8d84e8976cdbdd26da209/rumdl-0.2.76-py3-none-musllinux_1_2_x86_64.whl", hash = "sha256:3a703fa1aa80a0af5ecc92886f7d26fec10a815fc663830de2ceedc1ad9714ef", size = 7587892, upload-time = "2026-09-23T08:25:18.638Z" },
    { url = "https://files.pythonhosted.org/packages/79/0d/72f35ff00297286711caa0d42eb1ae45d1be23a8f79557309672f356a7f5/rumdl-0.2.76-py3-none-win_amd64.whl", hash = "sha256:31a1c7a08bc0b532baf8339787d46822bdc0331152e417d4dd89a55e50ce5763", size = 7596605, upload-time = "2026-09-23T08:25:14.78Z" },
]

[[package]]
name = "zenn-articles"
version = "1.0.0"
source = { virtual = "." }

[package.dev-dependencies]
dev = [
    { name = "rumdl" },
]

[package.metadata]

[package.metadata.requires-dev]
dev = [{ name = "rumdl", specifier = ">=0.2.76" }]
