version = 1
revision = 3
requires-python = ">=3.14"

[[package]]
name = "rumdl"
version = "0.2.65"
source = { registry = "https://pypi.org/simple" }
sdist = { url = "https://files.pythonhosted.org/packages/f9/a3/4b174212844480f1a339cd900d0f8d4e3d93f45d33b6811295cbab49d3f1/rumdl-0.2.65.tar.gz", hash = "sha256:ed8e579965e939d8b07f9590546a1664dc692b4734ff20199fb1801623af0f0d", size = 4606475, upload-time = "2026-09-04T22:07:32.535Z" }
wheels = [
    { url = "https://files.pythonhosted.org/packages/a9/4b/c125063902bbe193ff9fa3d012a99deee1d1c9ed3bb7524e14b7c443f8cb/rumdl-0.2.65-py3-none-macosx_10_12_x86_64.whl", hash = "sha256:e3cd21e73f3cfc28697e90f492246929189bb58d997e0acba4b8f576356270d3", size = 6621685, upload-time = "2026-09-04T22:07:25.31Z" },
    { url = "https://files.pythonhosted.org/packages/99/7b/460dbcd84ee05461bfcad9c83e0ae11faef8df6ab6678a1c70b82ed22e1a/rumdl-0.2.65-py3-none-macosx_11_0_arm64.whl", hash = "sha256:d90b8c5d25613ba17b5d2acb885a2f24e9096ada4214fb24bf2598acdb57c00a", size = 6267620, upload-time = "2026-09-04T22:07:19.478Z" },
    { url = "https://files.pythonhosted.org/packages/e2/86/c34e9039e9eb7d6822cfac62559fa8987b8900e7f77362c7957ea17c95de/rumdl-0.2.65-py3-none-manylinux_2_28_aarch64.whl", hash = "sha256:a45690b174ad4ec27209755ce961fba5c4cc560ddbea7d68a4de3c1be4cfc031", size = 6388904, upload-time = "2026-09-04T22:07:21.655Z" },
    { url = "https://files.pythonhosted.org/packages/cd/31/992a1fd4e9cb1f5e535e8c654b94bbdec63b5e9d73d403febb89fd1fe188/rumdl-0.2.65-py3-none-manylinux_2_28_x86_64.whl", hash = "sha256:83730d365a172d918cd14cf21ca5269d0b2a2b82296c2fcf0af55c4fc6b42bb3", size = 6795386, upload-time = "2026-09-04T22:07:29.159Z" },
    { url = "https://files.pythonhosted.org/packages/57/90/a469fa141adef9ecbacc91c45d1a257b1239817283e181807ad36ee8f062/rumdl-0.2.65-py3-none-musllinux_1_2_aarch64.whl", hash = "sha256:73a29c225f291fd1625749a7b0de3ba23d3731ec09e69efb83d447c73c449a6f", size = 6376342, upload-time = "2026-09-04T22:07:23.383Z" },
    { url = "https://files.pythonhosted.org/packages/af/7f/b3c54c0d876b0604a6e87b691882abd5f56896fc6bdb209a2d7d1a183b7e/rumdl-0.2.65-py3-none-musllinux_1_2_x86_64.whl", hash = "sha256:f0482d27905ccac5cb2532a59fe2b07224cb75b63b6160c448ef2366866a2c49", size = 6782385, upload-time = "2026-09-04T22:07:30.816Z" },
    { url = "https://files.pythonhosted.org/packages/9e/6d/f29cad7ff1847aa38a9579a30aa499ae90a895f8da9d266ae009bcb0c859/rumdl-0.2.65-py3-none-win_amd64.whl", hash = "sha256:2e33445d43f9577e1d995acf4834300aec4eb1c6ab921d5b851946919d44df28", size = 6779613, upload-time = "2026-09-04T22:07:27.142Z" },
]

[[package]]
name = "zenn-articles"
version = "1.0.0"
source = { virtual = "." }

[package.dev-dependencies]
dev = [
    { name = "rumdl" },
]

[package.metadata]

[package.metadata.requires-dev]
dev = [{ name = "rumdl", specifier = ">=0.2.65" }]
