version = 1
revision = 3
requires-python = ">=3.14"

[[package]]
name = "rumdl"
version = "0.1.73"
source = { registry = "https://pypi.org/simple" }
sdist = { url = "https://files.pythonhosted.org/packages/bb/fd/cc7b9dec38e1c8bf26574c5fb3aac68fce04978ec6f3e42a945b02a8bf85/rumdl-0.1.73.tar.gz", hash = "sha256:235c258f0f7ceaf8b500d44f689c6356e3120ec437d36d1a73f301e695f0d458", size = 2328114, upload-time = "2026-04-17T07:57:12.109Z" }
wheels = [
    { url = "https://files.pythonhosted.org/packages/f1/9d/2a2acf55e3308f5d975486cd4b087af7a0f90c65062bb7a96728f05aa00c/rumdl-0.1.73-py3-none-macosx_10_12_x86_64.whl", hash = "sha256:bf683e232e9b105c3840146f4756e4f072c6c46d459eb92cbf498da475a3c29d", size = 5296993, upload-time = "2026-04-17T07:57:05.303Z" },
    { url = "https://files.pythonhosted.org/packages/79/dc/08ceb743dca22da52600278b77e316e315c150c49d0e53e33845274666ce/rumdl-0.1.73-py3-none-macosx_11_0_arm64.whl", hash = "sha256:529c59c4ec227a0bb7d77ed55093522380c4a1b490c47bedafdec7b4fa9e8c20", size = 4915944, upload-time = "2026-04-17T07:56:59.924Z" },
    { url = "https://files.pythonhosted.org/packages/6f/b7/ec6060c62b0373d1797402ebf1c96267e57f1a76ce1232cdbf80ab9ef530/rumdl-0.1.73-py3-none-manylinux_2_28_aarch64.whl", hash = "sha256:dfaa1975bc2c8e6fbee0124aa252b10fa141bbf1dba99b3705cc0a1ce7c5462d", size = 5124807, upload-time = "2026-04-17T07:57:01.83Z" },
    { url = "https://files.pythonhosted.org/packages/22/85/b4c92b15fb06d86729d05237e10439234a621221f9e9691aaa1b39718766/rumdl-0.1.73-py3-none-manylinux_2_28_x86_64.whl", hash = "sha256:976a5c0b771288a7dc36047dfd95c9713f97e9dcdcc4cf58dfb0d6355558b2b3", size = 5521942, upload-time = "2026-04-17T07:57:08.625Z" },
    { url = "https://files.pythonhosted.org/packages/a1/c6/d8c0320726a2ccba574066fe971636c94715172506ad187ea468b8523386/rumdl-0.1.73-py3-none-musllinux_1_2_aarch64.whl", hash = "sha256:46254f184bd8742243f5f2412a3d7f9227956c57109f57f3ff98c31a10e45a13", size = 5131152, upload-time = "2026-04-17T07:57:03.821Z" },
    { url = "https://files.pythonhosted.org/packages/dc/a1/a7ee6e47a9f610adb28178456819a170ff84cd20de2f2f754a0ff24ee142/rumdl-0.1.73-py3-none-musllinux_1_2_x86_64.whl", hash = "sha256:569d35815f395057bda1db462507553b32ca2cacb7753dcea1ab78352ff99dd4", size = 5519499, upload-time = "2026-04-17T07:57:10.12Z" },
    { url = "https://files.pythonhosted.org/packages/bf/11/408717107fc9b182800409e5eaaea375c2c4a57ba74094c120a7f8e1e705/rumdl-0.1.73-py3-none-win_amd64.whl", hash = "sha256:ec0890c203871f4f4dc45c9bafc16bee72a984d9b6f35e134c614d49ea975556", size = 5590677, upload-time = "2026-04-17T07:57:06.844Z" },
]

[[package]]
name = "zenn-articles"
version = "1.0.0"
source = { virtual = "." }

[package.dev-dependencies]
dev = [
    { name = "rumdl" },
]

[package.metadata]

[package.metadata.requires-dev]
dev = [{ name = "rumdl", specifier = ">=0.1.73" }]
